lockfileVersion: '9.0'

settings:
  autoInstallPeers: true
  excludeLinksFromLockfile: false

importers:

  .:
    dependencies:
      '@directus/sdk':
        specifier: ^17.0.0
        version: 17.0.2
    devDependencies:
      dotenv:
        specifier: ^16.0.0
        version: 16.5.0

packages:

  '@directus/sdk@17.0.2':
    resolution: {integrity: sha512-gKfWH6oQKnHw6mUl5lM32PTjtWrmSF6f09/zfN/74FKGPD853srCwip6rGif2R0GfdcrPHXwGHc7vTMXNDlniw==}
    engines: {node: '>=18.0.0'}

  dotenv@16.5.0:
    resolution: {integrity: sha512-m/C+AwOAr9/W1UOIZUo232ejMNnJAJtYQjUbHoNTBNTJSvqzzDh7vnrei3o3r3m9blf6ZoDkvcw0VmozNRFJxg==}
    engines: {node: '>=12'}

snapshots:

  '@directus/sdk@17.0.2': {}

  dotenv@16.5.0: {}
